
Microsoft Visual Studio Solution File, Format Version 12.00
# Visual Studio 14
VisualStudioVersion = 14.0.23107.0
MinimumVisualStudioVersion = 10.0.40219.1
Project("{FAE04EC0-301F-11D3-BF4B-00C04F79EFBC}") = "AppServiceOverview.Web", "AppServiceOverview.Web\AppServiceOverview.Web.csproj", "{E107579C-C601-4BB5-9E1A-00A4BD7F5731}"
EndProject
Project("{FAE04EC0-301F-11D3-BF4B-00C04F79EFBC}") = "AppServiceOverview.Api", "AppServiceOverview.Api\AppServiceOverview.Api.csproj", "{32C3A34F-0846-44D6-8B59-90E2F6FE3794}"
EndProject
Project("{FAE04EC0-301F-11D3-BF4B-00C04F79EFBC}") = "AppServiceOverview.Data", "AppServiceOverview.Data\AppServiceOverview.Data.csproj", "{3446C9EF-C469-42C0-B8DC-2256A2697637}"
EndProject
Project("{FAE04EC0-301F-11D3-BF4B-00C04F79EFBC}") = "AppServiceOverview.Job", "AppServiceOverview.Job\AppServiceOverview.Job.csproj", "{470BFA9A-CC62-4833-B33E-97286B3A83A9}"
EndProject
Project("{FAE04EC0-301F-11D3-BF4B-00C04F79EFBC}") = "AppServiceOverview.Windows", "AppServiceOverview.Windows\AppServiceOverview.Windows.csproj", "{34309B21-A4DD-4CE4-9742-BA2FB5E78C09}"
EndProject
Global
	GlobalSection(SolutionConfigurationPlatforms) = preSolution
		Debug|Any CPU = Debug|Any CPU
		Debug|ARM = Debug|ARM
		Debug|x64 = Debug|x64
		Debug|x86 = Debug|x86
		Release|Any CPU = Release|Any CPU
		Release|ARM = Release|ARM
		Release|x64 = Release|x64
		Release|x86 = Release|x86
	EndGlobalSection
	GlobalSection(ProjectConfigurationPlatforms) = postSolution
		{E107579C-C601-4BB5-9E1A-00A4BD7F5731}.Debug|Any CPU.ActiveCfg = Debug|Any CPU
		{E107579C-C601-4BB5-9E1A-00A4BD7F5731}.Debug|Any CPU.Build.0 = Debug|Any CPU
		{E107579C-C601-4BB5-9E1A-00A4BD7F5731}.Debug|ARM.ActiveCfg = Debug|Any CPU
		{E107579C-C601-4BB5-9E1A-00A4BD7F5731}.Debug|ARM.Build.0 = Debug|Any CPU
		{E107579C-C601-4BB5-9E1A-00A4BD7F5731}.Debug|x64.ActiveCfg = Debug|Any CPU
		{E107579C-C601-4BB5-9E1A-00A4BD7F5731}.Debug|x64.Build.0 = Debug|Any CPU
		{E107579C-C601-4BB5-9E1A-00A4BD7F5731}.Debug|x86.ActiveCfg = Debug|Any CPU
		{E107579C-C601-4BB5-9E1A-00A4BD7F5731}.Debug|x86.Build.0 = Debug|Any CPU
		{E107579C-C601-4BB5-9E1A-00A4BD7F5731}.Release|Any CPU.ActiveCfg = Release|Any CPU
		{E107579C-C601-4BB5-9E1A-00A4BD7F5731}.Release|Any CPU.Build.0 = Release|Any CPU
		{E107579C-C601-4BB5-9E1A-00A4BD7F5731}.Release|ARM.ActiveCfg = Release|Any CPU
		{E107579C-C601-4BB5-9E1A-00A4BD7F5731}.Release|ARM.Build.0 = Release|Any CPU
		{E107579C-C601-4BB5-9E1A-00A4BD7F5731}.Release|x64.ActiveCfg = Release|Any CPU
		{E107579C-C601-4BB5-9E1A-00A4BD7F5731}.Release|x64.Build.0 = Release|Any CPU
		{E107579C-C601-4BB5-9E1A-00A4BD7F5731}.Release|x86.ActiveCfg = Release|Any CPU
		{E107579C-C601-4BB5-9E1A-00A4BD7F5731}.Release|x86.Build.0 = Release|Any CPU
		{32C3A34F-0846-44D6-8B59-90E2F6FE3794}.Debug|Any CPU.ActiveCfg = Debug|Any CPU
		{32C3A34F-0846-44D6-8B59-90E2F6FE3794}.Debug|Any CPU.Build.0 = Debug|Any CPU
		{32C3A34F-0846-44D6-8B59-90E2F6FE3794}.Debug|ARM.ActiveCfg = Debug|Any CPU
		{32C3A34F-0846-44D6-8B59-90E2F6FE3794}.Debug|ARM.Build.0 = Debug|Any CPU
		{32C3A34F-0846-44D6-8B59-90E2F6FE3794}.Debug|x64.ActiveCfg = Debug|Any CPU
		{32C3A34F-0846-44D6-8B59-90E2F6FE3794}.Debug|x64.Build.0 = Debug|Any CPU
		{32C3A34F-0846-44D6-8B59-90E2F6FE3794}.Debug|x86.ActiveCfg = Debug|Any CPU
		{32C3A34F-0846-44D6-8B59-90E2F6FE3794}.Debug|x86.Build.0 = Debug|Any CPU
		{32C3A34F-0846-44D6-8B59-90E2F6FE3794}.Release|Any CPU.ActiveCfg = Release|Any CPU
		{32C3A34F-0846-44D6-8B59-90E2F6FE3794}.Release|Any CPU.Build.0 = Release|Any CPU
		{32C3A34F-0846-44D6-8B59-90E2F6FE3794}.Release|ARM.ActiveCfg = Release|Any CPU
		{32C3A34F-0846-44D6-8B59-90E2F6FE3794}.Release|ARM.Build.0 = Release|Any CPU
		{32C3A34F-0846-44D6-8B59-90E2F6FE3794}.Release|x64.ActiveCfg = Release|Any CPU
		{32C3A34F-0846-44D6-8B59-90E2F6FE3794}.Release|x64.Build.0 = Release|Any CPU
		{32C3A34F-0846-44D6-8B59-90E2F6FE3794}.Release|x86.ActiveCfg = Release|Any CPU
		{32C3A34F-0846-44D6-8B59-90E2F6FE3794}.Release|x86.Build.0 = Release|Any CPU
		{3446C9EF-C469-42C0-B8DC-2256A2697637}.Debug|Any CPU.ActiveCfg = Debug|Any CPU
		{3446C9EF-C469-42C0-B8DC-2256A2697637}.Debug|Any CPU.Build.0 = Debug|Any CPU
		{3446C9EF-C469-42C0-B8DC-2256A2697637}.Debug|ARM.ActiveCfg = Debug|Any CPU
		{3446C9EF-C469-42C0-B8DC-2256A2697637}.Debug|ARM.Build.0 = Debug|Any CPU
		{3446C9EF-C469-42C0-B8DC-2256A2697637}.Debug|x64.ActiveCfg = Debug|Any CPU
		{3446C9EF-C469-42C0-B8DC-2256A2697637}.Debug|x64.Build.0 = Debug|Any CPU
		{3446C9EF-C469-42C0-B8DC-2256A2697637}.Debug|x86.ActiveCfg = Debug|Any CPU
		{3446C9EF-C469-42C0-B8DC-2256A2697637}.Debug|x86.Build.0 = Debug|Any CPU
		{3446C9EF-C469-42C0-B8DC-2256A2697637}.Release|Any CPU.ActiveCfg = Release|Any CPU
		{3446C9EF-C469-42C0-B8DC-2256A2697637}.Release|Any CPU.Build.0 = Release|Any CPU
		{3446C9EF-C469-42C0-B8DC-2256A2697637}.Release|ARM.ActiveCfg = Release|Any CPU
		{3446C9EF-C469-42C0-B8DC-2256A2697637}.Release|ARM.Build.0 = Release|Any CPU
		{3446C9EF-C469-42C0-B8DC-2256A2697637}.Release|x64.ActiveCfg = Release|Any CPU
		{3446C9EF-C469-42C0-B8DC-2256A2697637}.Release|x64.Build.0 = Release|Any CPU
		{3446C9EF-C469-42C0-B8DC-2256A2697637}.Release|x86.ActiveCfg = Release|Any CPU
		{3446C9EF-C469-42C0-B8DC-2256A2697637}.Release|x86.Build.0 = Release|Any CPU
		{470BFA9A-CC62-4833-B33E-97286B3A83A9}.Debug|Any CPU.ActiveCfg = Debug|Any CPU
		{470BFA9A-CC62-4833-B33E-97286B3A83A9}.Debug|Any CPU.Build.0 = Debug|Any CPU
		{470BFA9A-CC62-4833-B33E-97286B3A83A9}.Debug|ARM.ActiveCfg = Debug|Any CPU
		{470BFA9A-CC62-4833-B33E-97286B3A83A9}.Debug|ARM.Build.0 = Debug|Any CPU
		{470BFA9A-CC62-4833-B33E-97286B3A83A9}.Debug|x64.ActiveCfg = Debug|Any CPU
		{470BFA9A-CC62-4833-B33E-97286B3A83A9}.Debug|x64.Build.0 = Debug|Any CPU
		{470BFA9A-CC62-4833-B33E-97286B3A83A9}.Debug|x86.ActiveCfg = Debug|Any CPU
		{470BFA9A-CC62-4833-B33E-97286B3A83A9}.Debug|x86.Build.0 = Debug|Any CPU
		{470BFA9A-CC62-4833-B33E-97286B3A83A9}.Release|Any CPU.ActiveCfg = Release|Any CPU
		{470BFA9A-CC62-4833-B33E-97286B3A83A9}.Release|Any CPU.Build.0 = Release|Any CPU
		{470BFA9A-CC62-4833-B33E-97286B3A83A9}.Release|ARM.ActiveCfg = Release|Any CPU
		{470BFA9A-CC62-4833-B33E-97286B3A83A9}.Release|ARM.Build.0 = Release|Any CPU
		{470BFA9A-CC62-4833-B33E-97286B3A83A9}.Release|x64.ActiveCfg = Release|Any CPU
		{470BFA9A-CC62-4833-B33E-97286B3A83A9}.Release|x64.Build.0 = Release|Any CPU
		{470BFA9A-CC62-4833-B33E-97286B3A83A9}.Release|x86.ActiveCfg = Release|Any CPU
		{470BFA9A-CC62-4833-B33E-97286B3A83A9}.Release|x86.Build.0 = Release|Any CPU
		{34309B21-A4DD-4CE4-9742-BA2FB5E78C09}.Debug|Any CPU.ActiveCfg = Debug|x86
		{34309B21-A4DD-4CE4-9742-BA2FB5E78C09}.Debug|Any CPU.Build.0 = Debug|x86
		{34309B21-A4DD-4CE4-9742-BA2FB5E78C09}.Debug|Any CPU.Deploy.0 = Debug|x86
		{34309B21-A4DD-4CE4-9742-BA2FB5E78C09}.Debug|ARM.ActiveCfg = Debug|ARM
		{34309B21-A4DD-4CE4-9742-BA2FB5E78C09}.Debug|ARM.Build.0 = Debug|ARM
		{34309B21-A4DD-4CE4-9742-BA2FB5E78C09}.Debug|ARM.Deploy.0 = Debug|ARM
		{34309B21-A4DD-4CE4-9742-BA2FB5E78C09}.Debug|x64.ActiveCfg = Debug|x64
		{34309B21-A4DD-4CE4-9742-BA2FB5E78C09}.Debug|x64.Build.0 = Debug|x64
		{34309B21-A4DD-4CE4-9742-BA2FB5E78C09}.Debug|x64.Deploy.0 = Debug|x64
		{34309B21-A4DD-4CE4-9742-BA2FB5E78C09}.Debug|x86.ActiveCfg = Debug|x86
		{34309B21-A4DD-4CE4-9742-BA2FB5E78C09}.Debug|x86.Build.0 = Debug|x86
		{34309B21-A4DD-4CE4-9742-BA2FB5E78C09}.Debug|x86.Deploy.0 = Debug|x86
		{34309B21-A4DD-4CE4-9742-BA2FB5E78C09}.Release|Any CPU.ActiveCfg = Release|x86
		{34309B21-A4DD-4CE4-9742-BA2FB5E78C09}.Release|ARM.ActiveCfg = Release|ARM
		{34309B21-A4DD-4CE4-9742-BA2FB5E78C09}.Release|ARM.Build.0 = Release|ARM
		{34309B21-A4DD-4CE4-9742-BA2FB5E78C09}.Release|ARM.Deploy.0 = Release|ARM
		{34309B21-A4DD-4CE4-9742-BA2FB5E78C09}.Release|x64.ActiveCfg = Release|x64
		{34309B21-A4DD-4CE4-9742-BA2FB5E78C09}.Release|x64.Build.0 = Release|x64
		{34309B21-A4DD-4CE4-9742-BA2FB5E78C09}.Release|x64.Deploy.0 = Release|x64
		{34309B21-A4DD-4CE4-9742-BA2FB5E78C09}.Release|x86.ActiveCfg = Release|x86
		{34309B21-A4DD-4CE4-9742-BA2FB5E78C09}.Release|x86.Build.0 = Release|x86
		{34309B21-A4DD-4CE4-9742-BA2FB5E78C09}.Release|x86.Deploy.0 = Release|x86
	EndGlobalSection
	GlobalSection(SolutionProperties) = preSolution
		HideSolutionNode = FALSE
	EndGlobalSection
EndGlobal
